// !$*UTF8*$!
{
	archiveVersion = 1;
	classes = {
	};
	objectVersion = 50;
	objects = {

/* Begin PBXBuildFile section */
		CBAB7B05472BDF3AD175EA33 /* Pods_teletubbies.framework in Frameworks */ = {isa = PBXBuildFile; fileRef = C92F5E25C4929771C5D43DC9 /* Pods_teletubbies.framework */; };
		CDE7D8CF208E080D0080C155 /* SWRevealViewController.m in Sources */ = {isa = PBXBuildFile; fileRef = CDE7D8CE208E080D0080C155 /* SWRevealViewController.m */; };
		CDF54C2B208DFA3800F050C4 /* AppDelegate.swift in Sources */ = {isa = PBXBuildFile; fileRef = CDF54C2A208DFA3800F050C4 /* AppDelegate.swift */; };
		CDF54C2D208DFA3800F050C4 /* ViewController.swift in Sources */ = {isa = PBXBuildFile; fileRef = CDF54C2C208DFA3800F050C4 /* ViewController.swift */; };
		CDF54C30208DFA3800F050C4 /* Main.storyboard in Resources */ = {isa = PBXBuildFile; fileRef = CDF54C2E208DFA3800F050C4 /* Main.storyboard */; };
		CDF54C32208DFA3A00F050C4 /* Assets.xcassets in Resources */ = {isa = PBXBuildFile; fileRef = CDF54C31208DFA3A00F050C4 /* Assets.xcassets */; };
		CDF54C35208DFA3A00F050C4 /* LaunchScreen.storyboard in Resources */ = {isa = PBXBuildFile; fileRef = CDF54C33208DFA3A00F050C4 /* LaunchScreen.storyboard */; };
/* End PBXBuildFile section */

/* Begin PBXFileReference section */
		4ABDA2F3FDEDC6730B51B9C3 /* Pods-teletubbies.debug.xcconfig */ = {isa = PBXFileReference; includeInIndex = 1; lastKnownFileType = text.xcconfig; name = "Pods-teletubbies.debug.xcconfig"; path = "Pods/Target Support Files/Pods-teletubbies/Pods-teletubbies.debug.xcconfig"; sourceTree = "<group>"; };
		C92F5E25C4929771C5D43DC9 /* Pods_teletubbies.framework */ = {isa = PBXFileReference; explicitFileType = wrapper.framework; includeInIndex = 0; path = Pods_teletubbies.framework; sourceTree = BUILT_PRODUCTS_DIR; };
		CDE7D8CC208E080B0080C155 /* teletubbies-Bridging-Header.h */ = {isa = PBXFileReference; lastKnownFileType = sourcecode.c.h; path = "teletubbies-Bridging-Header.h"; sourceTree = "<group>"; };
		CDE7D8CD208E080D0080C155 /* SWRevealViewController.h */ = {isa = PBXFileReference; fileEncoding = 4; lastKnownFileType = sourcecode.c.h; path = SWRevealViewController.h; sourceTree = "<group>"; };
		CDE7D8CE208E080D0080C155 /* SWRevealViewController.m */ = {isa = PBXFileReference; fileEncoding = 4; lastKnownFileType = sourcecode.c.objc; path = SWRevealViewController.m; sourceTree = "<group>"; };
		CDF54C27208DFA3800F050C4 /* teletubbies.app */ = {isa = PBXFileReference; explicitFileType = wrapper.application; includeInIndex = 0; path = teletubbies.app; sourceTree = BUILT_PRODUCTS_DIR; };
		CDF54C2A208DFA3800F050C4 /* AppDelegate.swift */ = {isa = PBXFileReference; lastKnownFileType = sourcecode.swift; path = AppDelegate.swift; sourceTree = "<group>"; };
		CDF54C2C208DFA3800F050C4 /* ViewController.swift */ = {isa = PBXFileReference; lastKnownFileType = sourcecode.swift; path = ViewController.swift; sourceTree = "<group>"; };
		CDF54C2F208DFA3800F050C4 /* Base */ = {isa = PBXFileReference; lastKnownFileType = file.storyboard; name = Base; path = Base.lproj/Main.storyboard; sourceTree = "<group>"; };
		CDF54C31208DFA3A00F050C4 /* Assets.xcassets */ = {isa = PBXFileReference; lastKnownFileType = folder.assetcatalog; path = Assets.xcassets; sourceTree = "<group>"; };
		CDF54C34208DFA3A00F050C4 /* Base */ = {isa = PBXFileReference; lastKnownFileType = file.storyboard; name = Base; path = Base.lproj/LaunchScreen.storyboard; sourceTree = "<group>"; };
		CDF54C36208DFA3A00F050C4 /* Info.plist */ = {isa = PBXFileReference; lastKnownFileType = text.plist.xml; path = Info.plist; sourceTree = "<group>"; };
		F7D5A8BEF0CCCC5A9F8BA9AD /* Pods-teletubbies.release.xcconfig */ = {isa = PBXFileReference; includeInIndex = 1; lastKnownFileType = text.xcconfig; name = "Pods-teletubbies.release.xcconfig"; path = "Pods/Target Support Files/Pods-teletubbies/Pods-teletubbies.release.xcconfig"; sourceTree = "<group>"; };
/* End PBXFileReference section */

/* Begin PBXFrameworksBuildPhase section */
		CDF54C24208DFA3800F050C4 /* Frameworks */ = {
			isa = PBXFrameworksBuildPhase;
			buildActionMask = 2147483647;
			files = (
				CBAB7B05472BDF3AD175EA33 /* Pods_teletubbies.framework in Frameworks */,
			);
			runOnlyForDeploymentPostprocessing = 0;
		};
/* End PBXFrameworksBuildPhase section */

/* Begin PBXGroup section */
		9F1A897202309894B9C30FD1 /* Frameworks */ = {
			isa = PBXGroup;
			children = (
				C92F5E25C4929771C5D43DC9 /* Pods_teletubbies.framework */,
			);
			name = Frameworks;
			sourceTree = "<group>";
		};
		C9B1B877FF98E3D46FAB5D86 /* Pods */ = {
			isa = PBXGroup;
			children = (
				4ABDA2F3FDEDC6730B51B9C3 /* Pods-teletubbies.debug.xcconfig */,
				F7D5A8BEF0CCCC5A9F8BA9AD /* Pods-teletubbies.release.xcconfig */,
			);
			name = Pods;
			sourceTree = "<group>";
		};
		CDE7D8CB208E07C50080C155 /* Supporting files */ = {
			isa = PBXGroup;
			children = (
				CDE7D8CD208E080D0080C155 /* SWRevealViewController.h */,
				CDE7D8CE208E080D0080C155 /* SWRevealViewController.m */,
				CDE7D8CC208E080B0080C155 /* teletubbies-Bridging-Header.h */,
			);
			path = "Supporting files";
			sourceTree = "<group>";
		};
		CDF54C1E208DFA3800F050C4 = {
			isa = PBXGroup;
			children = (
				CDE7D8CB208E07C50080C155 /* Supporting files */,
				CDF54C29208DFA3800F050C4 /* teletubbies */,
				CDF54C28208DFA3800F050C4 /* Products */,
				C9B1B877FF98E3D46FAB5D86 /* Pods */,
				9F1A897202309894B9C30FD1 /* Frameworks */,
			);
			sourceTree = "<group>";
		};
		CDF54C28208DFA3800F050C4 /* Products */ = {
			isa = PBXGroup;
			children = (
				CDF54C27208DFA3800F050C4 /* teletubbies.app */,
			);
			name = Products;
			sourceTree = "<group>";
		};
		CDF54C29208DFA3800F050C4 /* teletubbies */ = {
			isa = PBXGroup;
			children = (
				CDF54C2A208DFA3800F050C4 /* AppDelegate.swift */,
				CDF54C2C208DFA3800F050C4 /* ViewController.swift */,
				CDF54C2E208DFA3800F050C4 /* Main.storyboard */,
				CDF54C31208DFA3A00F050C4 /* Assets.xcassets */,
				CDF54C33208DFA3A00F050C4 /* LaunchScreen.storyboard */,
				CDF54C36208DFA3A00F050C4 /* Info.plist */,
			);
			path = teletubbies;
			sourceTree = "<group>";
		};
/* End PBXGroup section */

/* Begin PBXNativeTarget section */
		CDF54C26208DFA3800F050C4 /* teletubbies */ = {
			isa = PBXNativeTarget;
			buildConfigurationList = CDF54C39208DFA3A00F050C4 /* Build configuration list for PBXNativeTarget "teletubbies" */;
			buildPhases = (
				5DAB7474C83A8C6564D3C0A7 /* [CP] Check Pods Manifest.lock */,
				CDF54C23208DFA3800F050C4 /* Sources */,
				CDF54C24208DFA3800F050C4 /* Frameworks */,
				CDF54C25208DFA3800F050C4 /* Resources */,
				5E9D3F88E6079199E2A18878 /* [CP] Embed Pods Frameworks */,
			);
			buildRules = (
			);
			dependencies = (
			);
			name = teletubbies;
			productName = teletubbies;
			productReference = CDF54C27208DFA3800F050C4 /* teletubbies.app */;
			productType = "com.apple.product-type.application";
		};
/* End PBXNativeTarget section */

/* Begin PBXProject section */
		CDF54C1F208DFA3800F050C4 /* Project object */ = {
			isa = PBXProject;
			attributes = {
				LastSwiftUpdateCheck = 0930;
				LastUpgradeCheck = 0930;
				ORGANIZATIONNAME = "Faris Dahleh";
				TargetAttributes = {
					CDF54C26208DFA3800F050C4 = {
						CreatedOnToolsVersion = 9.3;
						LastSwiftMigration = 0930;
					};
				};
			};
			buildConfigurationList = CDF54C22208DFA3800F050C4 /* Build configuration list for PBXProject "teletubbies" */;
			compatibilityVersion = "Xcode 9.3";
			developmentRegion = en;
			hasScannedForEncodings = 0;
			knownRegions = (
				en,
				Base,
			);
			mainGroup = CDF54C1E208DFA3800F050C4;
			productRefGroup = CDF54C28208DFA3800F050C4 /* Products */;
			projectDirPath = "";
			projectRoot = "";
			targets = (
				CDF54C26208DFA3800F050C4 /* teletubbies */,
			);
		};
/* End PBXProject section */

/* Begin PBXResourcesBuildPhase section */
		CDF54C25208DFA3800F050C4 /* Resources */ = {
			isa = PBXResourcesBuildPhase;
			buildActionMask = 2147483647;
			files = (
				CDF54C35208DFA3A00F050C4 /* LaunchScreen.storyboard in Resources */,
				CDF54C32208DFA3A00F050C4 /* Assets.xcassets in Resources */,
				CDF54C30208DFA3800F050C4 /* Main.storyboard in Resources */,
			);
			runOnlyForDeploymentPostprocessing = 0;
		};
/* End PBXResourcesBuildPhase section */

/* Begin PBXShellScriptBuildPhase section */
		5DAB7474C83A8C6564D3C0A7 /* [CP] Check Pods Manifest.lock */ = {
			isa = PBXShellScriptBuildPhase;
			buildActionMask = 2147483647;
			files = (
			);
			inputPaths = (
				"${PODS_PODFILE_DIR_PATH}/Podfile.lock",
				"${PODS_ROOT}/Manifest.lock",
			);
			name = "[CP] Check Pods Manifest.lock";
			outputPaths = (
				"$(DERIVED_FILE_DIR)/Pods-teletubbies-checkManifestLockResult.txt",
			);
			runOnlyForDeploymentPostprocessing = 0;
			shellPath = /bin/sh;
			shellScript = "diff \"${PODS_PODFILE_DIR_PATH}/Podfile.lock\" \"${PODS_ROOT}/Manifest.lock\" > /dev/null\nif [ $? != 0 ] ; then\n    # print error to STDERR\n    echo \"error: The sandbox is not in sync with the Podfile.lock. Run 'pod install' or update your CocoaPods installation.\" >&2\n    exit 1\nfi\n# This output is used by Xcode 'outputs' to avoid re-running this script phase.\necho \"SUCCESS\" > \"${SCRIPT_OUTPUT_FILE_0}\"\n";
			showEnvVarsInLog = 0;
		};
		5E9D3F88E6079199E2A18878 /* [CP] Embed Pods Frameworks */ = {
			isa = PBXShellScriptBuildPhase;
			buildActionMask = 2147483647;
			files = (
			);
			inputPaths = (
				"${SRCROOT}/Pods/Target Support Files/Pods-teletubbies/Pods-teletubbies-frameworks.sh",
				"${BUILT_PRODUCTS_DIR}/Alamofire/Alamofire.framework",
				"${BUILT_PRODUCTS_DIR}/Socket.IO-Client-Swift/SocketIO.framework",
				"${BUILT_PRODUCTS_DIR}/SwiftyJSON/SwiftyJSON.framework",
			);
			name = "[CP] Embed Pods Frameworks";
			outputPaths = (
				"${TARGET_BUILD_DIR}/${FRAMEWORKS_FOLDER_PATH}/Alamofire.framework",
				"${TARGET_BUILD_DIR}/${FRAMEWORKS_FOLDER_PATH}/SocketIO.framework",
				"${TARGET_BUILD_DIR}/${FRAMEWORKS_FOLDER_PATH}/SwiftyJSON.framework",
			);
			runOnlyForDeploymentPostprocessing = 0;
			shellPath = /bin/sh;
			shellScript = "\"${SRCROOT}/Pods/Target Support Files/Pods-teletubbies/Pods-teletubbies-frameworks.sh\"\n";
			showEnvVarsInLog = 0;
		};
/* End PBXShellScriptBuildPhase section */

/* Begin PBXSourcesBuildPhase section */
		CDF54C23208DFA3800F050C4 /* Sources */ = {
			isa = PBXSourcesBuildPhase;
			buildActionMask = 2147483647;
			files = (
				CDF54C2D208DFA3800F050C4 /* ViewController.swift in Sources */,
				CDF54C2B208DFA3800F050C4 /* AppDelegate.swift in Sources */,
				CDE7D8CF208E080D0080C155 /* SWRevealViewController.m in Sources */,
			);
			runOnlyForDeploymentPostprocessing = 0;
		};
/* End PBXSourcesBuildPhase section */

/* Begin PBXVariantGroup section */
		CDF54C2E208DFA3800F050C4 /* Main.storyboard */ = {
			isa = PBXVariantGroup;
			children = (
				CDF54C2F208DFA3800F050C4 /* Base */,
			);
			name = Main.storyboard;
			sourceTree = "<group>";
		};
		CDF54C33208DFA3A00F050C4 /* LaunchScreen.storyboard */ = {
			isa = PBXVariantGroup;
			children = (
				CDF54C34208DFA3A00F050C4 /* Base */,
			);
			name = LaunchScreen.storyboard;
			sourceTree = "<group>";
		};
/* End PBXVariantGroup section */

/* Begin XCBuildConfiguration section */
		CDF54C37208DFA3A00F050C4 /* Debug */ = {
			isa = XCBuildConfiguration;
			buildSettings = {
				ALWAYS_SEARCH_USER_PATHS = NO;
				CLANG_ANALYZER_NONNULL = YES;
				CLANG_ANALYZER_NUMBER_OBJECT_CONVERSION = YES_AGGRESSIVE;
				CLANG_CXX_LANGUAGE_STANDARD = "gnu++14";
				CLANG_CXX_LIBRARY = "libc++";
				CLANG_ENABLE_MODULES = YES;
				CLANG_ENABLE_OBJC_ARC = YES;
				CLANG_ENABLE_OBJC_WEAK = YES;
				CLANG_WARN_BLOCK_CAPTURE_AUTORELEASING = YES;
				CLANG_WARN_BOOL_CONVERSION = YES;
				CLANG_WARN_COMMA = YES;
				CLANG_WARN_CONSTANT_CONVERSION = YES;
				CLANG_WARN_DEPRECATED_OBJC_IMPLEMENTATIONS = YES;
				CLANG_WARN_DIRECT_OBJC_ISA_USAGE = YES_ERROR;
				CLANG_WARN_DOCUMENTATION_COMMENTS = YES;
				CLANG_WARN_EMPTY_BODY = YES;
				CLANG_WARN_ENUM_CONVERSION = YES;
				CLANG_WARN_INFINITE_RECURSION = YES;
				CLANG_WARN_INT_CONVERSION = YES;
				CLANG_WARN_NON_LITERAL_NULL_CONVERSION = YES;
				CLANG_WARN_OBJC_IMPLICIT_RETAIN_SELF = YES;
				CLANG_WARN_OBJC_LITERAL_CONVERSION = YES;
				CLANG_WARN_OBJC_ROOT_CLASS = YES_ERROR;
				CLANG_WARN_RANGE_LOOP_ANALYSIS = YES;
				CLANG_WARN_STRICT_PROTOTYPES = YES;
				CLANG_WARN_SUSPICIOUS_MOVE = YES;
				CLANG_WARN_UNGUARDED_AVAILABILITY = YES_AGGRESSIVE;
				CLANG_WARN_UNREACHABLE_CODE = YES;
				CLANG_WARN__DUPLICATE_METHOD_MATCH = YES;
				CODE_SIGN_IDENTITY = "iPhone Developer";
				COPY_PHASE_STRIP = NO;
				DEBUG_INFORMATION_FORMAT = dwarf;
				ENABLE_STRICT_OBJC_MSGSEND = YES;
				ENABLE_TESTABILITY = YES;
				GCC_C_LANGUAGE_STANDARD = gnu11;
				GCC_DYNAMIC_NO_PIC = NO;
				GCC_NO_COMMON_BLOCKS = YES;
				GCC_OPTIMIZATION_LEVEL = 0;
				GCC_PREPROCESSOR_DEFINITIONS = (
					"DEBUG=1",
					"$(inherited)",
				);
				GCC_WARN_64_TO_32_BIT_CONVERSION = YES;
				GCC_WARN_ABOUT_RETURN_TYPE = YES_ERROR;
				GCC_WARN_UNDECLARED_SELECTOR = YES;
				GCC_WARN_UNINITIALIZED_AUTOS = YES_AGGRESSIVE;
				GCC_WARN_UNUSED_FUNCTION = YES;
				GCC_WARN_UNUSED_VARIABLE = YES;
				IPHONEOS_DEPLOYMENT_TARGET = 11.3;
				MTL_ENABLE_DEBUG_INFO = YES;
				ONLY_ACTIVE_ARCH = YES;
				SDKROOT = iphoneos;
				SWIFT_ACTIVE_COMPILATION_CONDITIONS = DEBUG;
				SWIFT_OPTIMIZATION_LEVEL = "-Onone";
			};
			name = Debug;
		};
		CDF54C38208DFA3A00F050C4 /* Release */ = {
			isa = XCBuildConfiguration;
			buildSettings = {
				ALWAYS_SEARCH_USER_PATHS = NO;
				CLANG_ANALYZER_NONNULL = YES;
				CLANG_ANALYZER_NUMBER_OBJECT_CONVERSION = YES_AGGRESSIVE;
				CLANG_CXX_LANGUAGE_STANDARD = "gnu++14";
				CLANG_CXX_LIBRARY = "libc++";
				CLANG_ENABLE_MODULES = YES;
				CLANG_ENABLE_OBJC_ARC = YES;
				CLANG_ENABLE_OBJC_WEAK = YES;
				CLANG_WARN_BLOCK_CAPTURE_AUTORELEASING = YES;
				CLANG_WARN_BOOL_CONVERSION = YES;
				CLANG_WARN_COMMA = YES;
				CLANG_WARN_CONSTANT_CONVERSION = YES;
				CLANG_WARN_DEPRECATED_OBJC_IMPLEMENTATIONS = YES;
				CLANG_WARN_DIRECT_OBJC_ISA_USAGE = YES_ERROR;
				CLANG_WARN_DOCUMENTATION_COMMENTS = YES;
				CLANG_WARN_EMPTY_BODY = YES;
				CLANG_WARN_ENUM_CONVERSION = YES;
				CLANG_WARN_INFINITE_RECURSION = YES;
				CLANG_WARN_INT_CONVERSION = YES;
				CLANG_WARN_NON_LITERAL_NULL_CONVERSION = YES;
				CLANG_WARN_OBJC_IMPLICIT_RETAIN_SELF = YES;
				CLANG_WARN_OBJC_LITERAL_CONVERSION = YES;
				CLANG_WARN_OBJC_ROOT_CLASS = YES_ERROR;
				CLANG_WARN_RANGE_LOOP_ANALYSIS = YES;
				CLANG_WARN_STRICT_PROTOTYPES = YES;
				CLANG_WARN_SUSPICIOUS_MOVE = YES;
				CLANG_WARN_UNGUARDED_AVAILABILITY = YES_AGGRESSIVE;
				CLANG_WARN_UNREACHABLE_CODE = YES;
				CLANG_WARN__DUPLICATE_METHOD_MATCH = YES;
				CODE_SIGN_IDENTITY = "iPhone Developer";
				COPY_PHASE_STRIP = NO;
				DEBUG_INFORMATION_FORMAT = "dwarf-with-dsym";
				ENABLE_NS_ASSERTIONS = NO;
				ENABLE_STRICT_OBJC_MSGSEND = YES;
				GCC_C_LANGUAGE_STANDARD = gnu11;
				GCC_NO_COMMON_BLOCKS = YES;
				GCC_WARN_64_TO_32_BIT_CONVERSION = YES;
				GCC_WARN_ABOUT_RETURN_TYPE = YES_ERROR;
				GCC_WARN_UNDECLARED_SELECTOR = YES;
				GCC_WARN_UNINITIALIZED_AUTOS = YES_AGGRESSIVE;
				GCC_WARN_UNUSED_FUNCTION = YES;
				GCC_WARN_UNUSED_VARIABLE = YES;
				IPHONEOS_DEPLOYMENT_TARGET = 11.3;
				MTL_ENABLE_DEBUG_INFO = NO;
				SDKROOT = iphoneos;
				SWIFT_COMPILATION_MODE = wholemodule;
				SWIFT_OPTIMIZATION_LEVEL = "-O";
				VALIDATE_PRODUCT = YES;
			};
			name = Release;
		};
		CDF54C3A208DFA3A00F050C4 /* Debug */ = {
			isa = XCBuildConfiguration;
			baseConfigurationReference = 4ABDA2F3FDEDC6730B51B9C3 /* Pods-teletubbies.debug.xcconfig */;
			buildSettings = {
				ASSETCATALOG_COMPILER_APPICON_NAME = AppIcon;
				CLANG_ENABLE_MODULES = YES;
				CODE_SIGN_STYLE = Automatic;
				DEVELOPMENT_TEAM = 62YN96Z7HR;
				INFOPLIST_FILE = teletubbies/Info.plist;
				LD_RUNPATH_SEARCH_PATHS = (
					"$(inherited)",
					"@executable_path/Frameworks",
				);
				PRODUCT_BUNDLE_IDENTIFIER = com.farisdahleh.teletubbies;
				PRODUCT_NAME = "$(TARGET_NAME)";
				SWIFT_OBJC_BRIDGING_HEADER = "Supporting files/teletubbies-Bridging-Header.h";
				SWIFT_OPTIMIZATION_LEVEL = "-Onone";
				SWIFT_VERSION = 4.0;
				TARGETED_DEVICE_FAMILY = "1,2";
			};
			name = Debug;
		};
		CDF54C3B208DFA3A00F050C4 /* Release */ = {
			isa = XCBuildConfiguration;
			baseConfigurationReference = F7D5A8BEF0CCCC5A9F8BA9AD /* Pods-teletubbies.release.xcconfig */;
			buildSettings = {
				ASSETCATALOG_COMPILER_APPICON_NAME = AppIcon;
				CLANG_ENABLE_MODULES = YES;
				CODE_SIGN_STYLE = Automatic;
				DEVELOPMENT_TEAM = 62YN96Z7HR;
				INFOPLIST_FILE = teletubbies/Info.plist;
				LD_RUNPATH_SEARCH_PATHS = (
					"$(inherited)",
					"@executable_path/Frameworks",
				);
				PRODUCT_BUNDLE_IDENTIFIER = com.farisdahleh.teletubbies;
				PRODUCT_NAME = "$(TARGET_NAME)";
				SWIFT_OBJC_BRIDGING_HEADER = "Supporting files/teletubbies-Bridging-Header.h";
				SWIFT_VERSION = 4.0;
				TARGETED_DEVICE_FAMILY = "1,2";
			};
			name = Release;
		};
/* End XCBuildConfiguration section */

/* Begin XCConfigurationList section */
		CDF54C22208DFA3800F050C4 /* Build configuration list for PBXProject "teletubbies" */ = {
			isa = XCConfigurationList;
			buildConfigurations = (
				CDF54C37208DFA3A00F050C4 /* Debug */,
				CDF54C38208DFA3A00F050C4 /* Release */,
			);
			defaultConfigurationIsVisible = 0;
			defaultConfigurationName = Release;
		};
		CDF54C39208DFA3A00F050C4 /* Build configuration list for PBXNativeTarget "teletubbies" */ = {
			isa = XCConfigurationList;
			buildConfigurations = (
				CDF54C3A208DFA3A00F050C4 /* Debug */,
				CDF54C3B208DFA3A00F050C4 /* Release */,
			);
			defaultConfigurationIsVisible = 0;
			defaultConfigurationName = Release;
		};
/* End XCConfigurationList section */
	};
	rootObject = CDF54C1F208DFA3800F050C4 /* Project object */;
}
